<?xml version="1.0" encoding="utf-8"?>
<Project ToolsVersion="4.0" xmlns="http://schemas.microsoft.com/developer/msbuild/2003">
  <ItemGroup>
    <Filter Include="Basic usage">
      <UniqueIdentifier>{e72eebed-e5dd-43cf-a3dc-790f16bda737}</UniqueIdentifier>
    </Filter>
    <Filter Include="linear_algebra">
      <UniqueIdentifier>{01704086-67e8-4b06-8727-a6fb0d9d0a78}</UniqueIdentifier>
    </Filter>
    <Filter Include="linear_algebra\graphic">
      <UniqueIdentifier>{24ca48fd-69b2-4606-9003-91f838466e84}</UniqueIdentifier>
    </Filter>
    <Filter Include="linear_algebra\impl">
      <UniqueIdentifier>{68b9b193-fdef-4231-ac16-87abf91ddae7}</UniqueIdentifier>
    </Filter>
  </ItemGroup>
  <ItemGroup>
    <ClCompile Include="basic_usage.cpp">
      <Filter>Basic usage</Filter>
    </ClCompile>
  </ItemGroup>
  <ItemGroup>
    <ClInclude Include="print.h">
      <Filter>Basic usage</Filter>
    </ClInclude>
    <ClInclude Include="..\source\linear_algebra\matrix.h">
      <Filter>linear_algebra</Filter>
    </ClInclude>
    <ClInclude Include="..\source\linear_algebra\trigonometry.h">
      <Filter>linear_algebra</Filter>
    </ClInclude>
    <ClInclude Include="..\source\linear_algebra\vector.h">
      <Filter>linear_algebra</Filter>
    </ClInclude>
    <ClInclude Include="..\source\linear_algebra\graphic\transform.h">
      <Filter>linear_algebra\graphic</Filter>
    </ClInclude>
    <ClInclude Include="..\source\linear_algebra\quaternion.h">
      <Filter>linear_algebra</Filter>
    </ClInclude>
    <ClInclude Include="..\source\linear_algebra\impl\_number_array.h">
      <Filter>linear_algebra\impl</Filter>
    </ClInclude>
  </ItemGroup>
</Project>